version = 1
revision = 3
requires-python = ">=3.14"
resolution-markers = [
    "sys_platform == 'win32'",
    "sys_platform == 'emscripten'",
    "sys_platform != 'emscripten' and sys_platform != 'win32'",
]

[[package]]
name = "certifi"
version = "2026.2.25"
source = { registry = "https://pypi.org/simple" }
sdist = { url = "https://files.pythonhosted.org/packages/af/2d/7bf41579a8986e348fa033a31cdd0e4121114f6bce2457e8876010b092dd/certifi-2026.2.25.tar.gz", hash = "sha256:e887ab5cee78ea814d3472169153c2d12cd43b14bd03329a39a9c6e2e80bfba7", size = 155029, upload-time = "2026-02-25T02:54:17.342Z" }
wheels = [
    { url = "https://files.pythonhosted.org/packages/9a/3c/c17fb3ca2d9c3acff52e30b309f538586f9f5b9c9cf454f3845fc9af4881/certifi-2026.2.25-py3-none-any.whl", hash = "sha256:027692e4402ad994f1c42e52a4997a9763c646b73e4096e4d5d6db8af1d6f0fa", size = 153684, upload-time = "2026-02-25T02:54:15.766Z" },
]

[[package]]
name = "clickhouse-connect"
version = "0.14.1"
source = { registry = "https://pypi.org/simple" }
dependencies = [
    { name = "certifi" },
    { name = "lz4" },
    { name = "pytz" },
    { name = "urllib3" },
    { name = "zstandard" },
]
sdist = { url = "https://files.pythonhosted.org/packages/f5/0e/96958db88b6ce6e9d96dc7a836f12c7644934b3a436b04843f19eb8da2db/clickhouse_connect-0.14.1.tar.gz", hash = "sha256:dc107ae9ab7b86409049ae8abe21817543284b438291796d3dd639ad5496a1ab", size = 120093, upload-time = "2026-03-12T15:51:03.606Z" }
wheels = [
    { url = "https://files.pythonhosted.org/packages/3d/9c/1aa52cae1dc0a250af484f3eb74708f1c234d8503111dd4c9d4ea8a9c08f/clickhouse_connect-0.14.1-cp314-cp314-macosx_10_15_x86_64.whl", hash = "sha256:c244035860cbb6523740ef8c06fbb9c6a4bd3ac9d4e8ba5bad325cd6fe7b5976", size = 279161, upload-time = "2026-03-12T15:50:10.59Z" },
    { url = "https://files.pythonhosted.org/packages/30/21/8810806bbde71c0b21ee4e811e45581361b959ad46344c2efcf83b054d4e/clickhouse_connect-0.14.1-cp314-cp314-macosx_11_0_arm64.whl", hash = "sha256:e192ccd870eec8d0c93726f30560fc4d87d50894f9021bbdb00c20ad662470f7", size = 270852, upload-time = "2026-03-12T15:50:11.937Z" },
    { url = "https://files.pythonhosted.org/packages/d6/6a/4706e24285167b574417f494117cca9e2f0a2424371a7498eaccbc6554a5/clickhouse_connect-0.14.1-cp314-cp314-manylinux2014_aarch64.manylinux_2_17_aarch64.manylinux_2_28_aarch64.whl", hash = "sha256:747b5ce93564afccdf32b7382ade41fefa23700cfe719cb8811ae3ce5ed54bea", size = 1083065, upload-time = "2026-03-12T15:50:13.352Z" },
    { url = "https://files.pythonhosted.org/packages/37/4f/295c8c11157d60bc7e30fc6a160102a56cc88400ab6dc2f011abc965517b/clickhouse_connect-0.14.1-cp314-cp314-manylinux2014_x86_64.manylinux_2_17_x86_64.manylinux_2_28_x86_64.whl", hash = "sha256:cd76c768ce3c0814513564e3ce611be66bfeee91065fe8d5aed2612faf7ddf9d", size = 1094798, upload-time = "2026-03-12T15:50:15.022Z" },
    { url = "https://files.pythonhosted.org/packages/8f/5a/8e273ee62fbf09f7b8be3a1e17e4e30eaf7fe1af2895d914894cb011d291/clickhouse_connect-0.14.1-cp314-cp314-musllinux_1_2_aarch64.whl", hash = "sha256:5d156779e03d21014021d2e38a899360b9702761ce3054706eaf71be52f7a0a9", size = 1066491, upload-time = "2026-03-12T15:50:16.433Z" },
    { url = "https://files.pythonhosted.org/packages/5a/c5/c45ee34439c5b0691aacd525bac1360041ac28d77cbe2cc3fe397e7a3913/clickhouse_connect-0.14.1-cp314-cp314-musllinux_1_2_x86_64.whl", hash = "sha256:f0b5608207f0f7889766ec7977930ebf2ba26fc82bd63a6ec63afc283afc1024", size = 1091174, upload-time = "2026-03-12T15:50:18.362Z" },
    { url = "https://files.pythonhosted.org/packages/ec/d1/4c57a50d9cc2b1778813f038a0ff9710996dc7e89bc2c5ab66fe0b4427c2/clickhouse_connect-0.14.1-cp314-cp314-win32.whl", hash = "sha256:0cee3c781a01bfc7f7b12859ce6f4eeb49b311159b8d44ef7f09d3090096295f", size = 253494, upload-time = "2026-03-12T15:50:19.657Z" },
    { url = "https://files.pythonhosted.org/packages/55/91/a25852d0fd678a634dd6614371a9eb5f14cb18ccbbdad5c6bad7b5b772ee/clickhouse_connect-0.14.1-cp314-cp314-win_amd64.whl", hash = "sha256:34d9e1fba0bdf9e2e13f65c93c3216ee359d4581634a29824d0504d6fa0c9e09", size = 272050, upload-time = "2026-03-12T15:50:20.892Z" },
    { url = "https://files.pythonhosted.org/packages/e0/78/e533e5e2ab3e2ddc194920dd97f71b1a907d355edcd9e53d24ac9379d06b/clickhouse_connect-0.14.1-cp314-cp314t-macosx_10_15_x86_64.whl", hash = "sha256:49e0e49d55dfd6bb5a3f4321f95cd5280449b2ddb3efb807571b79374d10d99f", size = 292053, upload-time = "2026-03-12T15:50:22.584Z" },
    { url = "https://files.pythonhosted.org/packages/ad/62/8ad8f91cf73a127082b7571dea7b6ecc901ed3fe4be5e59d6b662c9fd473/clickhouse_connect-0.14.1-cp314-cp314t-macosx_11_0_arm64.whl", hash = "sha256:fd457a02f58849d6a3fb1f93f69d50a4c8a2404b32a575c4bd764dfcfcc34f82", size = 286618, upload-time = "2026-03-12T15:50:23.889Z" },
    { url = "https://files.pythonhosted.org/packages/fb/7b/f1c78338f4ee49124d6936376175317cb724838c06723ef0ba2be1b7b53d/clickhouse_connect-0.14.1-cp314-cp314t-manylinux2014_aarch64.manylinux_2_17_aarch64.manylinux_2_28_aarch64.whl", hash = "sha256:4f35931509554dad366665ad3fa3c0af2e6912ce7581f723658157cbc9586688", size = 1164414, upload-time = "2026-03-12T15:50:25.731Z" },
    { url = "https://files.pythonhosted.org/packages/ae/e0/cf3a2dbe2e0b7c1706fc88e07e9a3cda27f7bb3e0c30a4e8b470f87aa1b4/clickhouse_connect-0.14.1-cp314-cp314t-manylinux2014_x86_64.manylinux_2_17_x86_64.manylinux_2_28_x86_64.whl", hash = "sha256:0ad7f648a555e2e19bbf16fb4b05d3094f9b10dbdbe1e54ca1b7b3e2639ec8bd", size = 1142860, upload-time = "2026-03-12T15:50:27.5Z" },
    { url = "https://files.pythonhosted.org/packages/cf/cc/c9d4b217517a9899a9950b9105c6ff7d09f005697b3d5bf27a3eb4021bb1/clickhouse_connect-0.14.1-cp314-cp314t-musllinux_1_2_aarch64.whl", hash = "sha256:c8333f52d19c3d12f1bbc2931baafaa38b8d8c70ad5321924bfb0144a2b79003", size = 1125158, upload-time = "2026-03-12T15:50:29.091Z" },
    { url = "https://files.pythonhosted.org/packages/13/a4/286a91d948f5cc27000b9c3bb9901c08672dc09d0acad1afef8f19f71e21/clickhouse_connect-0.14.1-cp314-cp314t-musllinux_1_2_x86_64.whl", hash = "sha256:ec4ac108d9f45116c2d4ac62ebcd749c31d8c14fc73688424710232e81c6a5eb", size = 1132562, upload-time = "2026-03-12T15:50:31.103Z" },
    { url = "https://files.pythonhosted.org/packages/03/f9/1842d1d2cfcc2ec50e4c7d80430d98c2d2ed08b6452469e2be6c9e04e464/clickhouse_connect-0.14.1-cp314-cp314t-win32.whl", hash = "sha256:5baf308cb2bff251b4a7980ce9f1757f88a83bb4a8ac415514bac9fd3ee35af5", size = 275832, upload-time = "2026-03-12T15:50:32.551Z" },
    { url = "https://files.pythonhosted.org/packages/cd/ef/60d269c6aeb9a42216b526466f02b07dbc186866f9f945891cff871c5581/clickhouse_connect-0.14.1-cp314-cp314t-win_amd64.whl", hash = "sha256:e1546b22c2914bf25823fcecf95399783e0748f31ce72e78276c91ecf6253b5f", size = 299443, upload-time = "2026-03-12T15:50:33.936Z" },
]

[package.optional-dependencies]
arrow = [
    { name = "pyarrow" },
]

[[package]]
name = "et-xmlfile"
version = "2.0.0"
source = { registry = "https://pypi.org/simple" }
sdist = { url = "https://files.pythonhosted.org/packages/d3/38/af70d7ab1ae9d4da450eeec1fa3918940a5fafb9055e934af8d6eb0c2313/et_xmlfile-2.0.0.tar.gz", hash = "sha256:dab3f4764309081ce75662649be815c4c9081e88f0837825f90fd28317d4da54", size = 17234, upload-time = "2024-10-25T17:25:40.039Z" }
wheels = [
    { url = "https://files.pythonhosted.org/packages/c1/8b/5fe2cc11fee489817272089c4203e679c63b570a5aaeb18d852ae3cbba6a/et_xmlfile-2.0.0-py3-none-any.whl", hash = "sha256:7a91720bc756843502c3b7504c77b8fe44217c85c537d85037f0f536151b2caa", size = 18059, upload-time = "2024-10-25T17:25:39.051Z" },
]

[[package]]
name = "joblib"
version = "1.5.3"
source = { registry = "https://pypi.org/simple" }
sdist = { url = "https://files.pythonhosted.org/packages/41/f2/d34e8b3a08a9cc79a50b2208a93dce981fe615b64d5a4d4abee421d898df/joblib-1.5.3.tar.gz", hash = "sha256:8561a3269e6801106863fd0d6d84bb737be9e7631e33aaed3fb9ce5953688da3", size = 331603, upload-time = "2025-12-15T08:41:46.427Z" }
wheels = [
    { url = "https://files.pythonhosted.org/packages/7b/91/984aca2ec129e2757d1e4e3c81c3fcda9d0f85b74670a094cc443d9ee949/joblib-1.5.3-py3-none-any.whl", hash = "sha256:5fc3c5039fc5ca8c0276333a188bbd59d6b7ab37fe6632daa76bc7f9ec18e713", size = 309071, upload-time = "2025-12-15T08:41:44.973Z" },
]

[[package]]
name = "lz4"
version = "4.4.5"
source = { registry = "https://pypi.org/simple" }
sdist = { url = "https://files.pythonhosted.org/packages/57/51/f1b86d93029f418033dddf9b9f79c8d2641e7454080478ee2aab5123173e/lz4-4.4.5.tar.gz", hash = "sha256:5f0b9e53c1e82e88c10d7c180069363980136b9d7a8306c4dca4f760d60c39f0", size = 172886, upload-time = "2025-11-03T13:02:36.061Z" }
wheels = [
    { url = "https://files.pythonhosted.org/packages/63/9c/70bdbdb9f54053a308b200b4678afd13efd0eafb6ddcbb7f00077213c2e5/lz4-4.4.5-cp314-cp314-macosx_10_15_x86_64.whl", hash = "sha256:c216b6d5275fc060c6280936bb3bb0e0be6126afb08abccde27eed23dead135f", size = 207586, upload-time = "2025-11-03T13:02:18.263Z" },
    { url = "https://files.pythonhosted.org/packages/b6/cb/bfead8f437741ce51e14b3c7d404e3a1f6b409c440bad9b8f3945d4c40a7/lz4-4.4.5-cp314-cp314-macosx_11_0_arm64.whl", hash = "sha256:c8e71b14938082ebaf78144f3b3917ac715f72d14c076f384a4c062df96f9df6", size = 207161, upload-time = "2025-11-03T13:02:19.286Z" },
    { url = "https://files.pythonhosted.org/packages/e7/18/b192b2ce465dfbeabc4fc957ece7a1d34aded0d95a588862f1c8a86ac448/lz4-4.4.5-cp314-cp314-manylinux1_i686.manylinux_2_28_i686.manylinux_2_5_i686.whl", hash = "sha256:9b5e6abca8df9f9bdc5c3085f33ff32cdc86ed04c65e0355506d46a5ac19b6e9", size = 1292415, upload-time = "2025-11-03T13:02:20.829Z" },
    { url = "https://files.pythonhosted.org/packages/67/79/a4e91872ab60f5e89bfad3e996ea7dc74a30f27253faf95865771225ccba/lz4-4.4.5-cp314-cp314-manylinux2014_aarch64.manylinux_2_17_aarch64.manylinux_2_28_aarch64.whl", hash = "sha256:3b84a42da86e8ad8537aabef062e7f661f4a877d1c74d65606c49d835d36d668", size = 1279920, upload-time = "2025-11-03T13:02:22.013Z" },
    { url = "https://files.pythonhosted.org/packages/f1/01/d52c7b11eaa286d49dae619c0eec4aabc0bf3cda7a7467eb77c62c4471f3/lz4-4.4.5-cp314-cp314-manylinux2014_x86_64.manylinux_2_17_x86_64.manylinux_2_28_x86_64.whl", hash = "sha256:0bba042ec5a61fa77c7e380351a61cb768277801240249841defd2ff0a10742f", size = 1368661, upload-time = "2025-11-03T13:02:23.208Z" },
    { url = "https://files.pythonhosted.org/packages/f7/da/137ddeea14c2cb86864838277b2607d09f8253f152156a07f84e11768a28/lz4-4.4.5-cp314-cp314-win32.whl", hash = "sha256:bd85d118316b53ed73956435bee1997bd06cc66dd2fa74073e3b1322bd520a67", size = 90139, upload-time = "2025-11-03T13:02:24.301Z" },
    { url = "https://files.pythonhosted.org/packages/18/2c/8332080fd293f8337779a440b3a143f85e374311705d243439a3349b81ad/lz4-4.4.5-cp314-cp314-win_amd64.whl", hash = "sha256:92159782a4502858a21e0079d77cdcaade23e8a5d252ddf46b0652604300d7be", size = 101497, upload-time = "2025-11-03T13:02:25.187Z" },
    { url = "https://files.pythonhosted.org/packages/ca/28/2635a8141c9a4f4bc23f5135a92bbcf48d928d8ca094088c962df1879d64/lz4-4.4.5-cp314-cp314-win_arm64.whl", hash = "sha256:d994b87abaa7a88ceb7a37c90f547b8284ff9da694e6afcfaa8568d739faf3f7", size = 93812, upload-time = "2025-11-03T13:02:26.133Z" },
]

[[package]]
name = "numpy"
version = "2.4.3"
source = { registry = "https://pypi.org/simple" }
sdist = { url = "https://files.pythonhosted.org/packages/10/8b/c265f4823726ab832de836cdd184d0986dcf94480f81e8739692a7ac7af2/numpy-2.4.3.tar.gz", hash = "sha256:483a201202b73495f00dbc83796c6ae63137a9bdade074f7648b3e32613412dd", size = 20727743, upload-time = "2026-03-09T07:58:53.426Z" }
wheels = [
    { url = "https://files.pythonhosted.org/packages/70/ae/3936f79adebf8caf81bd7a599b90a561334a658be4dcc7b6329ebf4ee8de/numpy-2.4.3-cp314-cp314-macosx_10_15_x86_64.whl", hash = "sha256:5884ce5c7acfae1e4e1b6fde43797d10aa506074d25b531b4f54bde33c0c31d4", size = 16664563, upload-time = "2026-03-09T07:57:43.817Z" },
    { url = "https://files.pythonhosted.org/packages/9b/62/760f2b55866b496bb1fa7da2a6db076bef908110e568b02fcfc1422e2a3a/numpy-2.4.3-cp314-cp314-macosx_11_0_arm64.whl", hash = "sha256:297837823f5bc572c5f9379b0c9f3a3365f08492cbdc33bcc3af174372ebb168", size = 14702161, upload-time = "2026-03-09T07:57:46.169Z" },
    { url = "https://files.pythonhosted.org/packages/32/af/a7a39464e2c0a21526fb4fb76e346fb172ebc92f6d1c7a07c2c139cc17b1/numpy-2.4.3-cp314-cp314-macosx_14_0_arm64.whl", hash = "sha256:a111698b4a3f8dcbe54c64a7708f049355abd603e619013c346553c1fd4ca90b", size = 5208738, upload-time = "2026-03-09T07:57:48.506Z" },
    { url = "https://files.pythonhosted.org/packages/29/8c/2a0cf86a59558fa078d83805589c2de490f29ed4fb336c14313a161d358a/numpy-2.4.3-cp314-cp314-macosx_14_0_x86_64.whl", hash = "sha256:4bd4741a6a676770e0e97fe9ab2e51de01183df3dcbcec591d26d331a40de950", size = 6543618, upload-time = "2026-03-09T07:57:50.591Z" },
    { url = "https://files.pythonhosted.org/packages/aa/b8/612ce010c0728b1c363fa4ea3aa4c22fe1c5da1de008486f8c2f5cb92fae/numpy-2.4.3-cp314-cp314-manylinux_2_27_aarch64.manylinux_2_28_aarch64.whl", hash = "sha256:54f29b877279d51e210e0c80709ee14ccbbad647810e8f3d375561c45ef613dd", size = 15680676, upload-time = "2026-03-09T07:57:52.34Z" },
    { url = "https://files.pythonhosted.org/packages/a9/7e/4f120ecc54ba26ddf3dc348eeb9eb063f421de65c05fc961941798feea18/numpy-2.4.3-cp314-cp314-manylinux_2_27_x86_64.manylinux_2_28_x86_64.whl", hash = "sha256:679f2a834bae9020f81534671c56fd0cc76dd7e5182f57131478e23d0dc59e24", size = 16613492, upload-time = "2026-03-09T07:57:54.91Z" },
    { url = "https://files.pythonhosted.org/packages/2c/86/1b6020db73be330c4b45d5c6ee4295d59cfeef0e3ea323959d053e5a6909/numpy-2.4.3-cp314-cp314-musllinux_1_2_aarch64.whl", hash = "sha256:d84f0f881cb2225c2dfd7f78a10a5645d487a496c6668d6cc39f0f114164f3d0", size = 17031789, upload-time = "2026-03-09T07:57:57.641Z" },
    { url = "https://files.pythonhosted.org/packages/07/3a/3b90463bf41ebc21d1b7e06079f03070334374208c0f9a1f05e4ae8455e7/numpy-2.4.3-cp314-cp314-musllinux_1_2_x86_64.whl", hash = "sha256:d213c7e6e8d211888cc359bab7199670a00f5b82c0978b9d1c75baf1eddbeac0", size = 18339941, upload-time = "2026-03-09T07:58:00.577Z" },
    { url = "https://files.pythonhosted.org/packages/a8/74/6d736c4cd962259fd8bae9be27363eb4883a2f9069763747347544c2a487/numpy-2.4.3-cp314-cp314-win32.whl", hash = "sha256:52077feedeff7c76ed7c9f1a0428558e50825347b7545bbb8523da2cd55c547a", size = 6007503, upload-time = "2026-03-09T07:58:03.331Z" },
    { url = "https://files.pythonhosted.org/packages/48/39/c56ef87af669364356bb011922ef0734fc49dad51964568634c72a009488/numpy-2.4.3-cp314-cp314-win_amd64.whl", hash = "sha256:0448e7f9caefb34b4b7dd2b77f21e8906e5d6f0365ad525f9f4f530b13df2afc", size = 12444915, upload-time = "2026-03-09T07:58:06.353Z" },
    { url = "https://files.pythonhosted.org/packages/9d/1f/ab8528e38d295fd349310807496fabb7cf9fe2e1f70b97bc20a483ea9d4a/numpy-2.4.3-cp314-cp314-win_arm64.whl", hash = "sha256:b44fd60341c4d9783039598efadd03617fa28d041fc37d22b62d08f2027fa0e7", size = 10494875, upload-time = "2026-03-09T07:58:08.734Z" },
    { url = "https://files.pythonhosted.org/packages/e6/ef/b7c35e4d5ef141b836658ab21a66d1a573e15b335b1d111d31f26c8ef80f/numpy-2.4.3-cp314-cp314t-macosx_11_0_arm64.whl", hash = "sha256:0a195f4216be9305a73c0e91c9b026a35f2161237cf1c6de9b681637772ea657", size = 14822225, upload-time = "2026-03-09T07:58:11.034Z" },
    { url = "https://files.pythonhosted.org/packages/cd/8d/7730fa9278cf6648639946cc816e7cc89f0d891602584697923375f801ed/numpy-2.4.3-cp314-cp314t-macosx_14_0_arm64.whl", hash = "sha256:cd32fbacb9fd1bf041bf8e89e4576b6f00b895f06d00914820ae06a616bdfef7", size = 5328769, upload-time = "2026-03-09T07:58:13.67Z" },
    { url = "https://files.pythonhosted.org/packages/47/01/d2a137317c958b074d338807c1b6a383406cdf8b8e53b075d804cc3d211d/numpy-2.4.3-cp314-cp314t-macosx_14_0_x86_64.whl", hash = "sha256:2e03c05abaee1f672e9d67bc858f300b5ccba1c21397211e8d77d98350972093", size = 6649461, upload-time = "2026-03-09T07:58:15.912Z" },
    { url = "https://files.pythonhosted.org/packages/5c/34/812ce12bc0f00272a4b0ec0d713cd237cb390666eb6206323d1cc9cedbb2/numpy-2.4.3-cp314-cp314t-manylinux_2_27_aarch64.manylinux_2_28_aarch64.whl", hash = "sha256:7d1ce23cce91fcea443320a9d0ece9b9305d4368875bab09538f7a5b4131938a", size = 15725809, upload-time = "2026-03-09T07:58:17.787Z" },
    { url = "https://files.pythonhosted.org/packages/25/c0/2aed473a4823e905e765fee3dc2cbf504bd3e68ccb1150fbdabd5c39f527/numpy-2.4.3-cp314-cp314t-manylinux_2_27_x86_64.manylinux_2_28_x86_64.whl", hash = "sha256:c59020932feb24ed49ffd03704fbab89f22aa9c0d4b180ff45542fe8918f5611", size = 16655242, upload-time = "2026-03-09T07:58:20.476Z" },
    { url = "https://files.pythonhosted.org/packages/f2/c8/7e052b2fc87aa0e86de23f20e2c42bd261c624748aa8efd2c78f7bb8d8c6/numpy-2.4.3-cp314-cp314t-musllinux_1_2_aarch64.whl", hash = "sha256:9684823a78a6cd6ad7511fc5e25b07947d1d5b5e2812c93fe99d7d4195130720", size = 17080660, upload-time = "2026-03-09T07:58:23.067Z" },
    { url = "https://files.pythonhosted.org/packages/f3/3d/0876746044db2adcb11549f214d104f2e1be00f07a67edbb4e2812094847/numpy-2.4.3-cp314-cp314t-musllinux_1_2_x86_64.whl", hash = "sha256:0200b25c687033316fb39f0ff4e3e690e8957a2c3c8d22499891ec58c37a3eb5", size = 18380384, upload-time = "2026-03-09T07:58:25.839Z" },
    { url = "https://files.pythonhosted.org/packages/07/12/8160bea39da3335737b10308df4f484235fd297f556745f13092aa039d3b/numpy-2.4.3-cp314-cp314t-win32.whl", hash = "sha256:5e10da9e93247e554bb1d22f8edc51847ddd7dde52d85ce31024c1b4312bfba0", size = 6154547, upload-time = "2026-03-09T07:58:28.289Z" },
    { url = "https://files.pythonhosted.org/packages/42/f3/76534f61f80d74cc9cdf2e570d3d4eeb92c2280a27c39b0aaf471eda7b48/numpy-2.4.3-cp314-cp314t-win_amd64.whl", hash = "sha256:45f003dbdffb997a03da2d1d0cb41fbd24a87507fb41605c0420a3db5bd4667b", size = 12633645, upload-time = "2026-03-09T07:58:30.384Z" },
    { url = "https://files.pythonhosted.org/packages/1f/b6/7c0d4334c15983cec7f92a69e8ce9b1e6f31857e5ee3a413ac424e6bd63d/numpy-2.4.3-cp314-cp314t-win_arm64.whl", hash = "sha256:4d382735cecd7bcf090172489a525cd7d4087bc331f7df9f60ddc9a296cf208e", size = 10565454, upload-time = "2026-03-09T07:58:33.031Z" },
]

[[package]]
name = "openpyxl"
version = "3.1.5"
source = { registry = "https://pypi.org/simple" }
dependencies = [
    { name = "et-xmlfile" },
]
sdist = { url = "https://files.pythonhosted.org/packages/3d/f9/88d94a75de065ea32619465d2f77b29a0469500e99012523b91cc4141cd1/openpyxl-3.1.5.tar.gz", hash = "sha256:cf0e3cf56142039133628b5acffe8ef0c12bc902d2aadd3e0fe5878dc08d1050", size = 186464, upload-time = "2024-06-28T14:03:44.161Z" }
wheels = [
    { url = "https://files.pythonhosted.org/packages/c0/da/977ded879c29cbd04de313843e76868e6e13408a94ed6b987245dc7c8506/openpyxl-3.1.5-py2.py3-none-any.whl", hash = "sha256:5282c12b107bffeef825f4617dc029afaf41d0ea60823bbb665ef3079dc79de2", size = 250910, upload-time = "2024-06-28T14:03:41.161Z" },
]

[[package]]
name = "pandas"
version = "3.0.1"
source = { registry = "https://pypi.org/simple" }
dependencies = [
    { name = "numpy" },
    { name = "python-dateutil" },
    { name = "tzdata", marker = "sys_platform == 'emscripten' or sys_platform == 'win32'" },
]
sdist = { url = "https://files.pythonhosted.org/packages/2e/0c/b28ed414f080ee0ad153f848586d61d1878f91689950f037f976ce15f6c8/pandas-3.0.1.tar.gz", hash = "sha256:4186a699674af418f655dbd420ed87f50d56b4cd6603784279d9eef6627823c8", size = 4641901, upload-time = "2026-02-17T22:20:16.434Z" }
wheels = [
    { url = "https://files.pythonhosted.org/packages/bb/8b/4bb774a998b97e6c2fd62a9e6cfdaae133b636fd1c468f92afb4ae9a447a/pandas-3.0.1-cp314-cp314-macosx_10_15_x86_64.whl", hash = "sha256:99d0f92ed92d3083d140bf6b97774f9f13863924cf3f52a70711f4e7588f9d0a", size = 10322465, upload-time = "2026-02-17T22:19:36.803Z" },
    { url = "https://files.pythonhosted.org/packages/72/3a/5b39b51c64159f470f1ca3b1c2a87da290657ca022f7cd11442606f607d1/pandas-3.0.1-cp314-cp314-macosx_11_0_arm64.whl", hash = "sha256:3b66857e983208654294bb6477b8a63dee26b37bdd0eb34d010556e91261784f", size = 9910632, upload-time = "2026-02-17T22:19:39.001Z" },
    { url = "https://files.pythonhosted.org/packages/4e/f7/b449ffb3f68c11da12fc06fbf6d2fa3a41c41e17d0284d23a79e1c13a7e4/pandas-3.0.1-cp314-cp314-manylinux_2_24_aarch64.manylinux_2_28_aarch64.whl", hash = "sha256:56cf59638bf24dc9bdf2154c81e248b3289f9a09a6d04e63608c159022352749", size = 10440535, upload-time = "2026-02-17T22:19:41.157Z" },
    { url = "https://files.pythonhosted.org/packages/55/77/6ea82043db22cb0f2bbfe7198da3544000ddaadb12d26be36e19b03a2dc5/pandas-3.0.1-cp314-cp314-manylinux_2_24_x86_64.manylinux_2_28_x86_64.whl", hash = "sha256:c1a9f55e0f46951874b863d1f3906dcb57df2d9be5c5847ba4dfb55b2c815249", size = 10893940, upload-time = "2026-02-17T22:19:43.493Z" },
    { url = "https://files.pythonhosted.org/packages/03/30/f1b502a72468c89412c1b882a08f6eed8a4ee9dc033f35f65d0663df6081/pandas-3.0.1-cp314-cp314-musllinux_1_2_aarch64.whl", hash = "sha256:1849f0bba9c8a2fb0f691d492b834cc8dadf617e29015c66e989448d58d011ee", size = 11442711, upload-time = "2026-02-17T22:19:46.074Z" },
    { url = "https://files.pythonhosted.org/packages/0d/f0/ebb6ddd8fc049e98cabac5c2924d14d1dda26a20adb70d41ea2e428d3ec4/pandas-3.0.1-cp314-cp314-musllinux_1_2_x86_64.whl", hash = "sha256:c3d288439e11b5325b02ae6e9cc83e6805a62c40c5a6220bea9beb899c073b1c", size = 11963918, upload-time = "2026-02-17T22:19:48.838Z" },
    { url = "https://files.pythonhosted.org/packages/09/f8/8ce132104074f977f907442790eaae24e27bce3b3b454e82faa3237ff098/pandas-3.0.1-cp314-cp314-win_amd64.whl", hash = "sha256:93325b0fe372d192965f4cca88d97667f49557398bbf94abdda3bf1b591dbe66", size = 9862099, upload-time = "2026-02-17T22:19:51.081Z" },
    { url = "https://files.pythonhosted.org/packages/e6/b7/6af9aac41ef2456b768ef0ae60acf8abcebb450a52043d030a65b4b7c9bd/pandas-3.0.1-cp314-cp314-win_arm64.whl", hash = "sha256:97ca08674e3287c7148f4858b01136f8bdfe7202ad25ad04fec602dd1d29d132", size = 9185333, upload-time = "2026-02-17T22:19:53.266Z" },
    { url = "https://files.pythonhosted.org/packages/66/fc/848bb6710bc6061cb0c5badd65b92ff75c81302e0e31e496d00029fe4953/pandas-3.0.1-cp314-cp314t-macosx_10_15_x86_64.whl", hash = "sha256:58eeb1b2e0fb322befcf2bbc9ba0af41e616abadb3d3414a6bc7167f6cbfce32", size = 10772664, upload-time = "2026-02-17T22:19:55.806Z" },
    { url = "https://files.pythonhosted.org/packages/69/5c/866a9bbd0f79263b4b0db6ec1a341be13a1473323f05c122388e0f15b21d/pandas-3.0.1-cp314-cp314t-macosx_11_0_arm64.whl", hash = "sha256:cd9af1276b5ca9e298bd79a26bda32fa9cc87ed095b2a9a60978d2ca058eaf87", size = 10421286, upload-time = "2026-02-17T22:19:58.091Z" },
    { url = "https://files.pythonhosted.org/packages/51/a4/2058fb84fb1cfbfb2d4a6d485e1940bb4ad5716e539d779852494479c580/pandas-3.0.1-cp314-cp314t-manylinux_2_24_aarch64.manylinux_2_28_aarch64.whl", hash = "sha256:94f87a04984d6b63788327cd9f79dda62b7f9043909d2440ceccf709249ca988", size = 10342050, upload-time = "2026-02-17T22:20:01.376Z" },
    { url = "https://files.pythonhosted.org/packages/22/1b/674e89996cc4be74db3c4eb09240c4bb549865c9c3f5d9b086ff8fcfbf00/pandas-3.0.1-cp314-cp314t-manylinux_2_24_x86_64.manylinux_2_28_x86_64.whl", hash = "sha256:85fe4c4df62e1e20f9db6ebfb88c844b092c22cd5324bdcf94bfa2fc1b391221", size = 10740055, upload-time = "2026-02-17T22:20:04.328Z" },
    { url = "https://files.pythonhosted.org/packages/d0/f8/e954b750764298c22fa4614376531fe63c521ef517e7059a51f062b87dca/pandas-3.0.1-cp314-cp314t-musllinux_1_2_aarch64.whl", hash = "sha256:331ca75a2f8672c365ae25c0b29e46f5ac0c6551fdace8eec4cd65e4fac271ff", size = 11357632, upload-time = "2026-02-17T22:20:06.647Z" },
    { url = "https://files.pythonhosted.org/packages/6d/02/c6e04b694ffd68568297abd03588b6d30295265176a5c01b7459d3bc35a3/pandas-3.0.1-cp314-cp314t-musllinux_1_2_x86_64.whl", hash = "sha256:15860b1fdb1973fffade772fdb931ccf9b2f400a3f5665aef94a00445d7d8dd5", size = 11810974, upload-time = "2026-02-17T22:20:08.946Z" },
    { url = "https://files.pythonhosted.org/packages/89/41/d7dfb63d2407f12055215070c42fc6ac41b66e90a2946cdc5e759058398b/pandas-3.0.1-cp314-cp314t-win_amd64.whl", hash = "sha256:44f1364411d5670efa692b146c748f4ed013df91ee91e9bec5677fb1fd58b937", size = 10884622, upload-time = "2026-02-17T22:20:11.711Z" },
    { url = "https://files.pythonhosted.org/packages/68/b0/34937815889fa982613775e4b97fddd13250f11012d769949c5465af2150/pandas-3.0.1-cp314-cp314t-win_arm64.whl", hash = "sha256:108dd1790337a494aa80e38def654ca3f0968cf4f362c85f44c15e471667102d", size = 9452085, upload-time = "2026-02-17T22:20:14.331Z" },
]

[[package]]
name = "pandas-ch"
version = "0.1.0"
source = { virtual = "." }
dependencies = [
    { name = "clickhouse-connect", extra = ["arrow"] },
    { name = "joblib" },
    { name = "openpyxl" },
    { name = "pandas" },
    { name = "python-calamine" },
    { name = "xlsxwriter" },
]

[package.metadata]
requires-dist = [
    { name = "clickhouse-connect", extras = ["arrow"], specifier = ">=0.13.0" },
    { name = "joblib", specifier = ">=1.5.3" },
    { name = "openpyxl", specifier = ">=3.1.5" },
    { name = "pandas", specifier = ">=3.0.1" },
    { name = "python-calamine", specifier = ">=0.6.2" },
    { name = "xlsxwriter", specifier = ">=3.2.9" },
]

[[package]]
name = "pyarrow"
version = "23.0.1"
source = { registry = "https://pypi.org/simple" }
sdist = { url = "https://files.pythonhosted.org/packages/88/22/134986a4cc224d593c1afde5494d18ff629393d74cc2eddb176669f234a4/pyarrow-23.0.1.tar.gz", hash = "sha256:b8c5873e33440b2bc2f4a79d2b47017a89c5a24116c055625e6f2ee50523f019", size = 1167336, upload-time = "2026-02-16T10:14:12.39Z" }
wheels = [
    { url = "https://files.pythonhosted.org/packages/8d/1b/6da9a89583ce7b23ac611f183ae4843cd3a6cf54f079549b0e8c14031e73/pyarrow-23.0.1-cp314-cp314-macosx_12_0_arm64.whl", hash = "sha256:5df1161da23636a70838099d4aaa65142777185cc0cdba4037a18cee7d8db9ca", size = 34238755, upload-time = "2026-02-16T10:12:32.819Z" },
    { url = "https://files.pythonhosted.org/packages/ae/b5/d58a241fbe324dbaeb8df07be6af8752c846192d78d2272e551098f74e88/pyarrow-23.0.1-cp314-cp314-macosx_12_0_x86_64.whl", hash = "sha256:fa8e51cb04b9f8c9c5ace6bab63af9a1f88d35c0d6cbf53e8c17c098552285e1", size = 35847826, upload-time = "2026-02-16T10:12:38.949Z" },
    { url = "https://files.pythonhosted.org/packages/54/a5/8cbc83f04aba433ca7b331b38f39e000efd9f0c7ce47128670e737542996/pyarrow-23.0.1-cp314-cp314-manylinux_2_28_aarch64.whl", hash = "sha256:0b95a3994f015be13c63148fef8832e8a23938128c185ee951c98908a696e0eb", size = 44536859, upload-time = "2026-02-16T10:12:45.467Z" },
    { url = "https://files.pythonhosted.org/packages/36/2e/c0f017c405fcdc252dbccafbe05e36b0d0eb1ea9a958f081e01c6972927f/pyarrow-23.0.1-cp314-cp314-manylinux_2_28_x86_64.whl", hash = "sha256:4982d71350b1a6e5cfe1af742c53dfb759b11ce14141870d05d9e540d13bc5d1", size = 47614443, upload-time = "2026-02-16T10:12:55.525Z" },
    { url = "https://files.pythonhosted.org/packages/af/6b/2314a78057912f5627afa13ba43809d9d653e6630859618b0fd81a4e0759/pyarrow-23.0.1-cp314-cp314-musllinux_1_2_aarch64.whl", hash = "sha256:c250248f1fe266db627921c89b47b7c06fee0489ad95b04d50353537d74d6886", size = 48232991, upload-time = "2026-02-16T10:13:04.729Z" },
    { url = "https://files.pythonhosted.org/packages/40/f2/1bcb1d3be3460832ef3370d621142216e15a2c7c62602a4ea19ec240dd64/pyarrow-23.0.1-cp314-cp314-musllinux_1_2_x86_64.whl", hash = "sha256:5f4763b83c11c16e5f4c15601ba6dfa849e20723b46aa2617cb4bffe8768479f", size = 50645077, upload-time = "2026-02-16T10:13:14.147Z" },
    { url = "https://files.pythonhosted.org/packages/eb/3f/b1da7b61cd66566a4d4c8383d376c606d1c34a906c3f1cb35c479f59d1aa/pyarrow-23.0.1-cp314-cp314-win_amd64.whl", hash = "sha256:3a4c85ef66c134161987c17b147d6bffdca4566f9a4c1d81a0a01cdf08414ea5", size = 28234271, upload-time = "2026-02-16T10:14:09.397Z" },
    { url = "https://files.pythonhosted.org/packages/b5/78/07f67434e910a0f7323269be7bfbf58699bd0c1d080b18a1ab49ba943fe8/pyarrow-23.0.1-cp314-cp314t-macosx_12_0_arm64.whl", hash = "sha256:17cd28e906c18af486a499422740298c52d7c6795344ea5002a7720b4eadf16d", size = 34488692, upload-time = "2026-02-16T10:13:21.541Z" },
    { url = "https://files.pythonhosted.org/packages/50/76/34cf7ae93ece1f740a04910d9f7e80ba166b9b4ab9596a953e9e62b90fe1/pyarrow-23.0.1-cp314-cp314t-macosx_12_0_x86_64.whl", hash = "sha256:76e823d0e86b4fb5e1cf4a58d293036e678b5a4b03539be933d3b31f9406859f", size = 35964383, upload-time = "2026-02-16T10:13:28.63Z" },
    { url = "https://files.pythonhosted.org/packages/46/90/459b827238936d4244214be7c684e1b366a63f8c78c380807ae25ed92199/pyarrow-23.0.1-cp314-cp314t-manylinux_2_28_aarch64.whl", hash = "sha256:a62e1899e3078bf65943078b3ad2a6ddcacf2373bc06379aac61b1e548a75814", size = 44538119, upload-time = "2026-02-16T10:13:35.506Z" },
    { url = "https://files.pythonhosted.org/packages/28/a1/93a71ae5881e99d1f9de1d4554a87be37da11cd6b152239fb5bd924fdc64/pyarrow-23.0.1-cp314-cp314t-manylinux_2_28_x86_64.whl", hash = "sha256:df088e8f640c9fae3b1f495b3c64755c4e719091caf250f3a74d095ddf3c836d", size = 47571199, upload-time = "2026-02-16T10:13:42.504Z" },
    { url = "https://files.pythonhosted.org/packages/88/a3/d2c462d4ef313521eaf2eff04d204ac60775263f1fb08c374b543f79f610/pyarrow-23.0.1-cp314-cp314t-musllinux_1_2_aarch64.whl", hash = "sha256:46718a220d64677c93bc243af1d44b55998255427588e400677d7192671845c7", size = 48259435, upload-time = "2026-02-16T10:13:49.226Z" },
    { url = "https://files.pythonhosted.org/packages/cc/f1/11a544b8c3d38a759eb3fbb022039117fd633e9a7b19e4841cc3da091915/pyarrow-23.0.1-cp314-cp314t-musllinux_1_2_x86_64.whl", hash = "sha256:a09f3876e87f48bc2f13583ab551f0379e5dfb83210391e68ace404181a20690", size = 50629149, upload-time = "2026-02-16T10:13:57.238Z" },
    { url = "https://files.pythonhosted.org/packages/50/f2/c0e76a0b451ffdf0cf788932e182758eb7558953f4f27f1aff8e2518b653/pyarrow-23.0.1-cp314-cp314t-win_amd64.whl", hash = "sha256:527e8d899f14bd15b740cd5a54ad56b7f98044955373a17179d5956ddb93d9ce", size = 28365807, upload-time = "2026-02-16T10:14:03.892Z" },
]

[[package]]
name = "python-calamine"
version = "0.6.2"
source = { registry = "https://pypi.org/simple" }
sdist = { url = "https://files.pythonhosted.org/packages/01/18/e1e53ade001b30a3c6642d876e5defe8431da8c31fb7798909e6c8ab8c34/python_calamine-0.6.2.tar.gz", hash = "sha256:2c90e5224c5e92db9fcd8f22b6085ce63b935cfe7a893ac9a1c3c56793bafd9d", size = 138000, upload-time = "2026-02-18T13:38:17.389Z" }
wheels = [
    { url = "https://files.pythonhosted.org/packages/86/c3/30e8ebbc5813d332edc6733c63f861bb87b61ad8a71fc97f39d687fb0195/python_calamine-0.6.2-cp314-cp314-macosx_10_12_x86_64.whl", hash = "sha256:630d32f10b16bafbca86fb9373e7a4eccbd0268bc9e80dac923b731a8e472704", size = 878817, upload-time = "2026-02-18T13:37:22.358Z" },
    { url = "https://files.pythonhosted.org/packages/5f/b7/2c0c82c1d3938bee3972fe97103da158ef9cf2b3bd2ba88ef1fa7e766564/python_calamine-0.6.2-cp314-cp314-macosx_11_0_arm64.whl", hash = "sha256:39de4d8c1f9db34d02a2d9b7eaad55cdd013b5881cf0a5ab281e2167d090b22e", size = 857826, upload-time = "2026-02-18T13:37:23.856Z" },
    { url = "https://files.pythonhosted.org/packages/d9/b0/260135d30b0c5e1b723bb5d450426614a20409b27b9e5cdd17076abe1516/python_calamine-0.6.2-cp314-cp314-manylinux_2_17_aarch64.manylinux2014_aarch64.whl", hash = "sha256:36148e9c5022494fd6a2c111fb51d24e6e39cbf3027a3ddedad44545598609ca", size = 925839, upload-time = "2026-02-18T13:37:25.276Z" },
    { url = "https://files.pythonhosted.org/packages/04/d1/6cc11c5287020a04326da01e46a7a4169d4496d462f94c69ac993e4b6c1d/python_calamine-0.6.2-cp314-cp314-manylinux_2_17_armv7l.manylinux2014_armv7l.whl", hash = "sha256:2526bddc75829b4376a515cad83afeab4019bbe5b770a892852de66b0017527b", size = 902844, upload-time = "2026-02-18T13:37:27.015Z" },
    { url = "https://files.pythonhosted.org/packages/9c/56/c2197448e66cf8369ecc3ed6450fc26085404b8ddf3f3409958d82a44908/python_calamine-0.6.2-cp314-cp314-manylinux_2_17_ppc64le.manylinux2014_ppc64le.whl", hash = "sha256:711a664b8cf1e4f6c55fbd5e15e70fc5792e382e3866416044c23b0d3ffdd055", size = 1063688, upload-time = "2026-02-18T13:37:28.824Z" },
    { url = "https://files.pythonhosted.org/packages/fd/68/c26b811cf88b39afc107af73fab1a42af56d7ea19e33b80eddc3e869a6e7/python_calamine-0.6.2-cp314-cp314-manylinux_2_17_s390x.manylinux2014_s390x.whl", hash = "sha256:8d449b6130f1469810ebe9f423f9efecaabc60e110db7a5a56d0f098ea78b22f", size = 963750, upload-time = "2026-02-18T13:37:30.655Z" },
    { url = "https://files.pythonhosted.org/packages/35/d8/4f4bee70187f148661f6112b6cff572c199518b943b4821d9303c3d5084d/python_calamine-0.6.2-cp314-cp314-manylinux_2_17_x86_64.manylinux2014_x86_64.whl", hash = "sha256:8f3841986cf512893e8871555ef586387e5e36484cebd0d9398046c3bde1e13c", size = 933485, upload-time = "2026-02-18T13:37:32.082Z" },
    { url = "https://files.pythonhosted.org/packages/08/67/5f9826d9ee2cb167fa86a496f3dd6551aa727c8dcef8041eb7362c0eeb80/python_calamine-0.6.2-cp314-cp314-manylinux_2_5_i686.manylinux1_i686.whl", hash = "sha256:7a8f437273c8dee9d9ae89cc766b6c313a1a99155b74a1a6560a01b82db89b51", size = 973008, upload-time = "2026-02-18T13:37:33.36Z" },
    { url = "https://files.pythonhosted.org/packages/8d/20/8384433127d4bef3b663e71285d9c5f21d2e312e6b9ae37170290ec28566/python_calamine-0.6.2-cp314-cp314-musllinux_1_1_aarch64.whl", hash = "sha256:6a2dfcfbf1907f37e6a13e2dffff409f79cff911e44e1ce7deb65510b8bbb0de", size = 1101447, upload-time = "2026-02-18T13:37:34.678Z" },
    { url = "https://files.pythonhosted.org/packages/57/ab/f86f30f3f72a930e6787c7a28b1042458045572c785b6362a77e42920fb1/python_calamine-0.6.2-cp314-cp314-musllinux_1_1_armv7l.whl", hash = "sha256:0c4a6131835f28897cdf36942067220e2c8c6c23f4b7747a094dca6748190c12", size = 1176774, upload-time = "2026-02-18T13:37:37.256Z" },
    { url = "https://files.pythonhosted.org/packages/ce/2a/3a4d0332b5a30604c6e2645f3a3a54d443ee78ba45d4ad2be015e32bab4a/python_calamine-0.6.2-cp314-cp314-musllinux_1_1_x86_64.whl", hash = "sha256:e8f50885c5042fb3bdd9ad820e4b871e6a1758e15957964acf0515b5d0fb3984", size = 1143674, upload-time = "2026-02-18T13:37:39.007Z" },
    { url = "https://files.pythonhosted.org/packages/1c/e1/28254dc423f63a62d1c0da649e673ca492ac84250adcc63f90547b83bfbf/python_calamine-0.6.2-cp314-cp314-win32.whl", hash = "sha256:d4b6fe3564596b1a85fdb7dea60ae7dda2bd56898e88128e0306ebfca29d3659", size = 691485, upload-time = "2026-02-18T13:37:40.64Z" },
    { url = "https://files.pythonhosted.org/packages/17/24/3954b1279ea1b4e25368bccd139098d1abeb3188f4100f2604555be67bae/python_calamine-0.6.2-cp314-cp314-win_amd64.whl", hash = "sha256:39a6703c80e71c9df2eefa4b9aedd994c27d6ae1fda07a48ee3306414d76d39b", size = 749519, upload-time = "2026-02-18T13:37:41.871Z" },
    { url = "https://files.pythonhosted.org/packages/ae/be/e103f840b48677a85085eaca4667fb2f7c0828c7c49b3ea9e1300d5074bc/python_calamine-0.6.2-cp314-cp314-win_arm64.whl", hash = "sha256:cedae91678a016690775a815c7dc66288b3f0968451bf2161689846b5b330b84", size = 718799, upload-time = "2026-02-18T13:37:43.692Z" },
    { url = "https://files.pythonhosted.org/packages/0f/36/08e98171718cec3a22e0c4082714894d9ae71c8aaba2ca47dabc5dbf4cf0/python_calamine-0.6.2-cp314-cp314t-macosx_10_12_x86_64.whl", hash = "sha256:5c3ca40133330cccdafb7326c39f7dd60247ad1995d9b92fdcd5052853fc31e5", size = 876825, upload-time = "2026-02-18T13:37:44.933Z" },
    { url = "https://files.pythonhosted.org/packages/bf/06/327a49b20cd2565457a1eb361b8e078aeb2eb8c2473358924563fc737701/python_calamine-0.6.2-cp314-cp314t-macosx_11_0_arm64.whl", hash = "sha256:5599d12fa06ad42694255fecb1de48f6eb2d074fa55b2f532a93158ae1cc3958", size = 857368, upload-time = "2026-02-18T13:37:46.798Z" },
    { url = "https://files.pythonhosted.org/packages/c1/fc/b0d380ea649833acc79ecc829470cb632565b865713865c6ba995e505e55/python_calamine-0.6.2-cp314-cp314t-manylinux_2_17_aarch64.manylinux2014_aarch64.whl", hash = "sha256:fb50c1f6303650d5712a707c8c13842eeebcd433bd660dcdaebc8aedd9085d37", size = 922634, upload-time = "2026-02-18T13:37:50.205Z" },
    { url = "https://files.pythonhosted.org/packages/50/b7/89128cca52c80c8b9649176bac374356f1923997af0b262a7b5547479fb1/python_calamine-0.6.2-cp314-cp314t-manylinux_2_17_armv7l.manylinux2014_armv7l.whl", hash = "sha256:42f1b3172fc2c916990a9749c30f5c2aad5351a807c6597febf7b5b9444eaf4d", size = 901578, upload-time = "2026-02-18T13:37:52.108Z" },
    { url = "https://files.pythonhosted.org/packages/78/40/bf06d465c761d59beab8d42cb4f5b648862a8ef0a1d900790b7efce1fa5f/python_calamine-0.6.2-cp314-cp314t-manylinux_2_17_ppc64le.manylinux2014_ppc64le.whl", hash = "sha256:5f3bb6370d855c9035e8727e6d8685775d411e5f5a3b114e0048bacd2efc2dc5", size = 1062802, upload-time = "2026-02-18T13:37:53.383Z" },
    { url = "https://files.pythonhosted.org/packages/b9/fd/87792c5f5c5822036ee4bdb01853bd7cb854f982f88cb7fdf6405a36072d/python_calamine-0.6.2-cp314-cp314t-manylinux_2_17_s390x.manylinux2014_s390x.whl", hash = "sha256:8d790fa2065c3c5d07de27ead53486b6afa64b935036444e5593c670baaf7394", size = 964571, upload-time = "2026-02-18T13:37:54.754Z" },
    { url = "https://files.pythonhosted.org/packages/31/6c/9981f4ca131d104e7e2d275c97a22026984c766009ec98269fb3b23a8a9f/python_calamine-0.6.2-cp314-cp314t-manylinux_2_17_x86_64.manylinux2014_x86_64.whl", hash = "sha256:ba4ac4bc59fb16e76d57bbbb2b5567e9d78f99e0b7d6cf27b1fc968dddad9e52", size = 934577, upload-time = "2026-02-18T13:37:56.03Z" },
    { url = "https://files.pythonhosted.org/packages/19/02/7c1fe7038f9921d520b4bf52299c260db4e21cbba7d3df29ed960ebb31c6/python_calamine-0.6.2-cp314-cp314t-manylinux_2_5_i686.manylinux1_i686.whl", hash = "sha256:16750f933fd68d6796c24390d5379abe02cc592b8cb5c2c715d09885a4e4db78", size = 971699, upload-time = "2026-02-18T13:37:57.303Z" },
    { url = "https://files.pythonhosted.org/packages/06/10/9da5009d84154e6d86dd73c7f35fe6402803eb054c198a22605d74ab07a0/python_calamine-0.6.2-cp314-cp314t-musllinux_1_1_aarch64.whl", hash = "sha256:0c3a65ee5e1bbed8d32225882b6fae147c187a5019b895bd1a9631fb1e8ebd1b", size = 1098043, upload-time = "2026-02-18T13:37:59.168Z" },
    { url = "https://files.pythonhosted.org/packages/2f/d0/53238c2185ad59659245d8bc7a86e4902860bd3c73303744b039a35ae517/python_calamine-0.6.2-cp314-cp314t-musllinux_1_1_armv7l.whl", hash = "sha256:80f54662715b25078e90794d792df6ef45154f1affea472c9e802c5d3dda5a9e", size = 1175384, upload-time = "2026-02-18T13:38:00.542Z" },
    { url = "https://files.pythonhosted.org/packages/3e/40/c421fe66af1e94267a66735940dfc01f7e423eb8c0217a9bc97b03927de6/python_calamine-0.6.2-cp314-cp314t-musllinux_1_1_x86_64.whl", hash = "sha256:7568800d967b7b7b56d1a139d8d6c343b70d88695c8f3c3906aaa1b8bff76900", size = 1144251, upload-time = "2026-02-18T13:38:01.881Z" },
    { url = "https://files.pythonhosted.org/packages/16/ed/def5e5fa257658894ca2ca3f9c532064056cd1b686f3bc2861f6313ccac7/python_calamine-0.6.2-cp314-cp314t-win_amd64.whl", hash = "sha256:aab8ef96f19feb5df3704dc04805b1e0d6e82827546bea92d660344c674ed9e1", size = 748446, upload-time = "2026-02-18T13:38:03.35Z" },
    { url = "https://files.pythonhosted.org/packages/f6/24/3587fb169ddd82e78fcd4cd7b2e3eb3ecaa9b28dbee1da18dd0db13b27e6/python_calamine-0.6.2-cp314-cp314t-win_arm64.whl", hash = "sha256:514b3b0ccba57cf807bd4869a76020eb53e2d797f35c95fceb274a5208da1651", size = 714386, upload-time = "2026-02-18T13:38:04.643Z" },
]

[[package]]
name = "python-dateutil"
version = "2.9.0.post0"
source = { registry = "https://pypi.org/simple" }
dependencies = [
    { name = "six" },
]
sdist = { url = "https://files.pythonhosted.org/packages/66/c0/0c8b6ad9f17a802ee498c46e004a0eb49bc148f2fd230864601a86dcf6db/python-dateutil-2.9.0.post0.tar.gz", hash = "sha256:37dd54208da7e1cd875388217d5e00ebd4179249f90fb72437e91a35459a0ad3", size = 342432, upload-time = "2024-03-01T18:36:20.211Z" }
wheels = [
    { url = "https://files.pythonhosted.org/packages/ec/57/56b9bcc3c9c6a792fcbaf139543cee77261f3651ca9da0c93f5c1221264b/python_dateutil-2.9.0.post0-py2.py3-none-any.whl", hash = "sha256:a8b2bc7bffae282281c8140a97d3aa9c14da0b136dfe83f850eea9a5f7470427", size = 229892, upload-time = "2024-03-01T18:36:18.57Z" },
]

[[package]]
name = "pytz"
version = "2026.1.post1"
source = { registry = "https://pypi.org/simple" }
sdist = { url = "https://files.pythonhosted.org/packages/56/db/b8721d71d945e6a8ac63c0fc900b2067181dbb50805958d4d4661cf7d277/pytz-2026.1.post1.tar.gz", hash = "sha256:3378dde6a0c3d26719182142c56e60c7f9af7e968076f31aae569d72a0358ee1", size = 321088, upload-time = "2026-03-03T07:47:50.683Z" }
wheels = [
    { url = "https://files.pythonhosted.org/packages/10/99/781fe0c827be2742bcc775efefccb3b048a3a9c6ce9aec0cbf4a101677e5/pytz-2026.1.post1-py2.py3-none-any.whl", hash = "sha256:f2fd16142fda348286a75e1a524be810bb05d444e5a081f37f7affc635035f7a", size = 510489, upload-time = "2026-03-03T07:47:49.167Z" },
]

[[package]]
name = "six"
version = "1.17.0"
source = { registry = "https://pypi.org/simple" }
sdist = { url = "https://files.pythonhosted.org/packages/94/e7/b2c673351809dca68a0e064b6af791aa332cf192da575fd474ed7d6f16a2/six-1.17.0.tar.gz", hash = "sha256:ff70335d468e7eb6ec65b95b99d3a2836546063f63acc5171de367e834932a81", size = 34031, upload-time = "2024-12-04T17:35:28.174Z" }
wheels = [
    { url = "https://files.pythonhosted.org/packages/b7/ce/149a00dd41f10bc29e5921b496af8b574d8413afcd5e30dfa0ed46c2cc5e/six-1.17.0-py2.py3-none-any.whl", hash = "sha256:4721f391ed90541fddacab5acf947aa0d3dc7d27b2e1e8eda2be8970586c3274", size = 11050, upload-time = "2024-12-04T17:35:26.475Z" },
]

[[package]]
name = "tzdata"
version = "2025.3"
source = { registry = "https://pypi.org/simple" }
sdist = { url = "https://files.pythonhosted.org/packages/5e/a7/c202b344c5ca7daf398f3b8a477eeb205cf3b6f32e7ec3a6bac0629ca975/tzdata-2025.3.tar.gz", hash = "sha256:de39c2ca5dc7b0344f2eba86f49d614019d29f060fc4ebc8a417896a620b56a7", size = 196772, upload-time = "2025-12-13T17:45:35.667Z" }
wheels = [
    { url = "https://files.pythonhosted.org/packages/c7/b0/003792df09decd6849a5e39c28b513c06e84436a54440380862b5aeff25d/tzdata-2025.3-py2.py3-none-any.whl", hash = "sha256:06a47e5700f3081aab02b2e513160914ff0694bce9947d6b76ebd6bf57cfc5d1", size = 348521, upload-time = "2025-12-13T17:45:33.889Z" },
]

[[package]]
name = "urllib3"
version = "2.6.3"
source = { registry = "https://pypi.org/simple" }
sdist = { url = "https://files.pythonhosted.org/packages/c7/24/5f1b3bdffd70275f6661c76461e25f024d5a38a46f04aaca912426a2b1d3/urllib3-2.6.3.tar.gz", hash = "sha256:1b62b6884944a57dbe321509ab94fd4d3b307075e0c2eae991ac71ee15ad38ed", size = 435556, upload-time = "2026-01-07T16:24:43.925Z" }
wheels = [
    { url = "https://files.pythonhosted.org/packages/39/08/aaaad47bc4e9dc8c725e68f9d04865dbcb2052843ff09c97b08904852d84/urllib3-2.6.3-py3-none-any.whl", hash = "sha256:bf272323e553dfb2e87d9bfd225ca7b0f467b919d7bbd355436d3fd37cb0acd4", size = 131584, upload-time = "2026-01-07T16:24:42.685Z" },
]

[[package]]
name = "xlsxwriter"
version = "3.2.9"
source = { registry = "https://pypi.org/simple" }
sdist = { url = "https://files.pythonhosted.org/packages/46/2c/c06ef49dc36e7954e55b802a8b231770d286a9758b3d936bd1e04ce5ba88/xlsxwriter-3.2.9.tar.gz", hash = "sha256:254b1c37a368c444eac6e2f867405cc9e461b0ed97a3233b2ac1e574efb4140c", size = 215940, upload-time = "2025-09-16T00:16:21.63Z" }
wheels = [
    { url = "https://files.pythonhosted.org/packages/3a/0c/3662f4a66880196a590b202f0db82d919dd2f89e99a27fadef91c4a33d41/xlsxwriter-3.2.9-py3-none-any.whl", hash = "sha256:9a5db42bc5dff014806c58a20b9eae7322a134abb6fce3c92c181bfb275ec5b3", size = 175315, upload-time = "2025-09-16T00:16:20.108Z" },
]

[[package]]
name = "zstandard"
version = "0.25.0"
source = { registry = "https://pypi.org/simple" }
sdist = { url = "https://files.pythonhosted.org/packages/fd/aa/3e0508d5a5dd96529cdc5a97011299056e14c6505b678fd58938792794b1/zstandard-0.25.0.tar.gz", hash = "sha256:7713e1179d162cf5c7906da876ec2ccb9c3a9dcbdffef0cc7f70c3667a205f0b", size = 711513, upload-time = "2025-09-14T22:15:54.002Z" }
wheels = [
    { url = "https://files.pythonhosted.org/packages/3d/5c/f8923b595b55fe49e30612987ad8bf053aef555c14f05bb659dd5dbe3e8a/zstandard-0.25.0-cp314-cp314-macosx_10_13_x86_64.whl", hash = "sha256:e29f0cf06974c899b2c188ef7f783607dbef36da4c242eb6c82dcd8b512855e3", size = 795887, upload-time = "2025-09-14T22:17:54.198Z" },
    { url = "https://files.pythonhosted.org/packages/8d/09/d0a2a14fc3439c5f874042dca72a79c70a532090b7ba0003be73fee37ae2/zstandard-0.25.0-cp314-cp314-macosx_11_0_arm64.whl", hash = "sha256:05df5136bc5a011f33cd25bc9f506e7426c0c9b3f9954f056831ce68f3b6689f", size = 640658, upload-time = "2025-09-14T22:17:55.423Z" },
    { url = "https://files.pythonhosted.org/packages/5d/7c/8b6b71b1ddd517f68ffb55e10834388d4f793c49c6b83effaaa05785b0b4/zstandard-0.25.0-cp314-cp314-manylinux2010_i686.manylinux_2_12_i686.manylinux_2_28_i686.whl", hash = "sha256:f604efd28f239cc21b3adb53eb061e2a205dc164be408e553b41ba2ffe0ca15c", size = 5379849, upload-time = "2025-09-14T22:17:57.372Z" },
    { url = "https://files.pythonhosted.org/packages/a4/86/a48e56320d0a17189ab7a42645387334fba2200e904ee47fc5a26c1fd8ca/zstandard-0.25.0-cp314-cp314-manylinux2014_aarch64.manylinux_2_17_aarch64.manylinux_2_28_aarch64.whl", hash = "sha256:223415140608d0f0da010499eaa8ccdb9af210a543fac54bce15babbcfc78439", size = 5058095, upload-time = "2025-09-14T22:17:59.498Z" },
    { url = "https://files.pythonhosted.org/packages/f8/ad/eb659984ee2c0a779f9d06dbfe45e2dc39d99ff40a319895df2d3d9a48e5/zstandard-0.25.0-cp314-cp314-manylinux2014_ppc64le.manylinux_2_17_ppc64le.manylinux_2_28_ppc64le.whl", hash = "sha256:2e54296a283f3ab5a26fc9b8b5d4978ea0532f37b231644f367aa588930aa043", size = 5551751, upload-time = "2025-09-14T22:18:01.618Z" },
    { url = "https://files.pythonhosted.org/packages/61/b3/b637faea43677eb7bd42ab204dfb7053bd5c4582bfe6b1baefa80ac0c47b/zstandard-0.25.0-cp314-cp314-manylinux2014_s390x.manylinux_2_17_s390x.manylinux_2_28_s390x.whl", hash = "sha256:ca54090275939dc8ec5dea2d2afb400e0f83444b2fc24e07df7fdef677110859", size = 6364818, upload-time = "2025-09-14T22:18:03.769Z" },
    { url = "https://files.pythonhosted.org/packages/31/dc/cc50210e11e465c975462439a492516a73300ab8caa8f5e0902544fd748b/zstandard-0.25.0-cp314-cp314-manylinux2014_x86_64.manylinux_2_17_x86_64.manylinux_2_28_x86_64.whl", hash = "sha256:e09bb6252b6476d8d56100e8147b803befa9a12cea144bbe629dd508800d1ad0", size = 5560402, upload-time = "2025-09-14T22:18:05.954Z" },
    { url = "https://files.pythonhosted.org/packages/c9/ae/56523ae9c142f0c08efd5e868a6da613ae76614eca1305259c3bf6a0ed43/zstandard-0.25.0-cp314-cp314-musllinux_1_2_aarch64.whl", hash = "sha256:a9ec8c642d1ec73287ae3e726792dd86c96f5681eb8df274a757bf62b750eae7", size = 4955108, upload-time = "2025-09-14T22:18:07.68Z" },
    { url = "https://files.pythonhosted.org/packages/98/cf/c899f2d6df0840d5e384cf4c4121458c72802e8bda19691f3b16619f51e9/zstandard-0.25.0-cp314-cp314-musllinux_1_2_i686.whl", hash = "sha256:a4089a10e598eae6393756b036e0f419e8c1d60f44a831520f9af41c14216cf2", size = 5269248, upload-time = "2025-09-14T22:18:09.753Z" },
    { url = "https://files.pythonhosted.org/packages/1b/c0/59e912a531d91e1c192d3085fc0f6fb2852753c301a812d856d857ea03c6/zstandard-0.25.0-cp314-cp314-musllinux_1_2_ppc64le.whl", hash = "sha256:f67e8f1a324a900e75b5e28ffb152bcac9fbed1cc7b43f99cd90f395c4375344", size = 5430330, upload-time = "2025-09-14T22:18:11.966Z" },
    { url = "https://files.pythonhosted.org/packages/a0/1d/7e31db1240de2df22a58e2ea9a93fc6e38cc29353e660c0272b6735d6669/zstandard-0.25.0-cp314-cp314-musllinux_1_2_s390x.whl", hash = "sha256:9654dbc012d8b06fc3d19cc825af3f7bf8ae242226df5f83936cb39f5fdc846c", size = 5811123, upload-time = "2025-09-14T22:18:13.907Z" },
    { url = "https://files.pythonhosted.org/packages/f6/49/fac46df5ad353d50535e118d6983069df68ca5908d4d65b8c466150a4ff1/zstandard-0.25.0-cp314-cp314-musllinux_1_2_x86_64.whl", hash = "sha256:4203ce3b31aec23012d3a4cf4a2ed64d12fea5269c49aed5e4c3611b938e4088", size = 5359591, upload-time = "2025-09-14T22:18:16.465Z" },
    { url = "https://files.pythonhosted.org/packages/c2/38/f249a2050ad1eea0bb364046153942e34abba95dd5520af199aed86fbb49/zstandard-0.25.0-cp314-cp314-win32.whl", hash = "sha256:da469dc041701583e34de852d8634703550348d5822e66a0c827d39b05365b12", size = 444513, upload-time = "2025-09-14T22:18:20.61Z" },
    { url = "https://files.pythonhosted.org/packages/3a/43/241f9615bcf8ba8903b3f0432da069e857fc4fd1783bd26183db53c4804b/zstandard-0.25.0-cp314-cp314-win_amd64.whl", hash = "sha256:c19bcdd826e95671065f8692b5a4aa95c52dc7a02a4c5a0cac46deb879a017a2", size = 516118, upload-time = "2025-09-14T22:18:17.849Z" },
    { url = "https://files.pythonhosted.org/packages/f0/ef/da163ce2450ed4febf6467d77ccb4cd52c4c30ab45624bad26ca0a27260c/zstandard-0.25.0-cp314-cp314-win_arm64.whl", hash = "sha256:d7541afd73985c630bafcd6338d2518ae96060075f9463d7dc14cfb33514383d", size = 476940, upload-time = "2025-09-14T22:18:19.088Z" },
]
